PODS:
  - Alamofire (4.3.0)
  - AlamofireNetworkActivityIndicator (2.1.0):
    - Alamofire (~> 4.1)
  - MVVM-Swift (1.1.0)
  - ObjectMapper (2.2.6)
  - Realm (2.8.2):
    - Realm/Headers (= 2.8.2)
  - Realm/Headers (2.8.2)
  - RealmS (2.3.1):
    - ObjectMapper (~> 2.2)
    - RealmSwift (~> 2.2)
  - RealmSwift (2.8.2):
    - Realm (= 2.8.2)
  - SAMKeychain (1.5.2)
  - SwiftLint (0.16.1)
  - SwiftUtils (2.1.1)

DEPENDENCIES:
  - Alamofire (~> 4.3.0)
  - AlamofireNetworkActivityIndicator (~> 2.1.0)
  - MVVM-Swift (~> 1.1.0)
  - ObjectMapper (= 2.2.6)
  - RealmS (~> 2.3.1)
  - SAMKeychain (~> 1.5.2)
  - SwiftLint (~> 0.16.1)
  - SwiftUtils (~> 2.1.1)

SPEC CHECKSUMS:
  Alamofire: 856a113053a7bc9cbe5d6367a555d773fc5cfef7
  AlamofireNetworkActivityIndicator: 4716f6554bdfb9c7cf13b1e0e3af21163129690a
  MVVM-Swift: 54749cc12bb30af41632f30a2c576a18bf9e4bc8
  ObjectMapper: '042708195cc46c20871cbcbec0453826398273fd'
  Realm: 0e262abf087c7054013e00579274f7e070486d4a
  RealmS: 939afb24205b83c0af75770bcf06347b6e5df0da
  RealmSwift: 73565e91bc403c1149e4acf31ff9de506b2f9459
  SAMKeychain: 1865333198217411f35327e8da61b43de79b635b
  SwiftLint: b8b683208cc09640898f16318a7a452274e91f61
  SwiftUtils: 3f79be4fec34ac8b7c95d2ec15c9feebe81f1fc1

PODFILE CHECKSUM: 877e3ef1debc6bb13a6151132facb4012e6fe6b1

COCOAPODS: 1.2.1
