PODS:
  - Alamofire (4.9.1)
  - AlamofireNetworkActivityIndicator (2.4.0):
    - Alamofire (~> 4.8)
  - MVVM-Swift (1.1.0)
  - ObjectMapper (3.5.2)
  - SwiftDate (6.1.0)
  - SwifterSwift/Foundation (5.1.0)
  - SwifterSwift/SwiftStdlib (5.1.0)
  - SwifterSwift/UIKit (5.1.0)
  - SwiftLint (0.39.2)

DEPENDENCIES:
  - Alamofire
  - AlamofireNetworkActivityIndicator
  - MVVM-Swift
  - ObjectMapper
  - SwiftDate (= 6.1.0)
  - SwifterSwift/Foundation (= 5.1.0)
  - SwifterSwift/SwiftStdlib (= 5.1.0)
  - SwifterSwift/UIKit (= 5.1.0)
  - SwiftLint

SPEC REPOS:
  https://github.com/CocoaPods/Specs.git:
    - Alamofire
    - AlamofireNetworkActivityIndicator
    - MVVM-Swift
    - ObjectMapper
    - SwiftDate
    - SwifterSwift
    - SwiftLint

SPEC CHECKSUMS:
  Alamofire: 85e8a02c69d6020a0d734f6054870d7ecb75cf18
  AlamofireNetworkActivityIndicator: 9acc3de3ca6645bf0efed462396b0df13dd3e7b8
  MVVM-Swift: 54749cc12bb30af41632f30a2c576a18bf9e4bc8
  ObjectMapper: b53ae947d370bf89423e86be7d4e2d2b2a8d3f40
  SwiftDate: fa2bb3962056bb44047b4b85a30044e5eae30b03
  SwifterSwift: a9e8e144832638c2850b43da5feaf9598c6ad65b
  SwiftLint: 22ccbbe3b8008684be5955693bab135e0ed6a447

PODFILE CHECKSUM: cbeea2c8e9ff38cbc776293a5c52aa8bc1d2249f

COCOAPODS: 1.9.1
